
Microsoft Visual Studio Solution File, Format Version 12.00
# Visual Studio 15
VisualStudioVersion = 15.0.33529.398
MinimumVisualStudioVersion = 10.0.40219.1
Project("{8BC9CEB8-8B4A-11D0-8D11-00A0C91BC942}") = "test_7_12", "test_7_12\test_7_12.vcxproj", "{34B18772-EDE0-465F-90B9-3BD7526EC311}"
EndProject
Global
	GlobalSection(SolutionConfigurationPlatforms) = preSolution
		Debug|x64 = Debug|x64
		Debug|x86 = Debug|x86
		Release|x64 = Release|x64
		Release|x86 = Release|x86
	EndGlobalSection
	GlobalSection(ProjectConfigurationPlatforms) = postSolution
		{34B18772-EDE0-465F-90B9-3BD7526EC311}.Debug|x64.ActiveCfg = Debug|x64
		{34B18772-EDE0-465F-90B9-3BD7526EC311}.Debug|x64.Build.0 = Debug|x64
		{34B18772-EDE0-465F-90B9-3BD7526EC311}.Debug|x86.ActiveCfg = Debug|Win32
		{34B18772-EDE0-465F-90B9-3BD7526EC311}.Debug|x86.Build.0 = Debug|Win32
		{34B18772-EDE0-465F-90B9-3BD7526EC311}.Release|x64.ActiveCfg = Release|x64
		{34B18772-EDE0-465F-90B9-3BD7526EC311}.Release|x64.Build.0 = Release|x64
		{34B18772-EDE0-465F-90B9-3BD7526EC311}.Release|x86.ActiveCfg = Release|Win32
		{34B18772-EDE0-465F-90B9-3BD7526EC311}.Release|x86.Build.0 = Release|Win32
	EndGlobalSection
	GlobalSection(SolutionProperties) = preSolution
		HideSolutionNode = FALSE
	EndGlobalSection
	GlobalSection(ExtensibilityGlobals) = postSolution
		SolutionGuid = {83D88C5D-E552-450B-8C59-9C18BE48B469}
	EndGlobalSection
EndGlobal
